
Microsoft Visual Studio Solution File, Format Version 12.00
# Visual Studio 15
VisualStudioVersion = 15.0.26430.6
MinimumVisualStudioVersion = 10.0.40219.1
Project("{FAE04EC0-301F-11D3-BF4B-00C04F79EFBC}") = "Web_Blog", "Web_Blog\Web_Blog.csproj", "{594BE73F-2E5B-4CDB-9AE2-07196A27842A}"
EndProject
Global
	GlobalSection(SolutionConfigurationPlatforms) = preSolution
		Debug|Any CPU = Debug|Any CPU
		Release|Any CPU = Release|Any CPU
	EndGlobalSection
	GlobalSection(ProjectConfigurationPlatforms) = postSolution
		{594BE73F-2E5B-4CDB-9AE2-07196A27842A}.Debug|Any CPU.ActiveCfg = Debug|Any CPU
		{594BE73F-2E5B-4CDB-9AE2-07196A27842A}.Debug|Any CPU.Build.0 = Debug|Any CPU
		{594BE73F-2E5B-4CDB-9AE2-07196A27842A}.Release|Any CPU.ActiveCfg = Release|Any CPU
		{594BE73F-2E5B-4CDB-9AE2-07196A27842A}.Release|Any CPU.Build.0 = Release|Any CPU
	EndGlobalSection
	GlobalSection(SolutionProperties) = preSolution
		HideSolutionNode = FALSE
	EndGlobalSection
EndGlobal
